
Microsoft Visual Studio Solution File, Format Version 12.00
# Visual Studio Version 16
VisualStudioVersion = 16.0.31129.286
MinimumVisualStudioVersion = 10.0.40219.1
Project("{FAE04EC0-301F-11D3-BF4B-00C04F79EFBC}") = "orderService", "orderService\orderService.csproj", "{922103F6-92EE-444E-97D2-A74EB46CAE47}"
EndProject
Global
	GlobalSection(SolutionConfigurationPlatforms) = preSolution
		Debug|Any CPU = Debug|Any CPU
		Release|Any CPU = Release|Any CPU
	EndGlobalSection
	GlobalSection(ProjectConfigurationPlatforms) = postSolution
		{922103F6-92EE-444E-97D2-A74EB46CAE47}.Debug|Any CPU.ActiveCfg = Debug|Any CPU
		{922103F6-92EE-444E-97D2-A74EB46CAE47}.Debug|Any CPU.Build.0 = Debug|Any CPU
		{922103F6-92EE-444E-97D2-A74EB46CAE47}.Release|Any CPU.ActiveCfg = Release|Any CPU
		{922103F6-92EE-444E-97D2-A74EB46CAE47}.Release|Any CPU.Build.0 = Release|Any CPU
	EndGlobalSection
	GlobalSection(SolutionProperties) = preSolution
		HideSolutionNode = FALSE
	EndGlobalSection
	GlobalSection(ExtensibilityGlobals) = postSolution
		SolutionGuid = {8202E088-C7B9-4B1E-9787-615B4B16FBF7}
	EndGlobalSection
EndGlobal
